{
  "version": "5",
  "specifiers": {
    "jsr:@db/sqlite@0.13.0": "0.13.0",
    "jsr:@denosaurs/plug@1": "1.1.0",
    "jsr:@std/assert@*": "1.0.19",
    "jsr:@std/encoding@1": "1.0.11",
    "jsr:@std/fmt@1": "1.0.10",
    "jsr:@std/fs@1": "1.0.24",
    "jsr:@std/internal@^1.0.12": "1.0.14",
    "jsr:@std/internal@^1.0.14": "1.0.14",
    "jsr:@std/path@1": "1.1.6",
    "jsr:@std/path@1.0": "1.0.9",
    "jsr:@std/path@^1.1.5": "1.1.6"
  },
  "jsr": {
    "@db/sqlite@0.13.0": {
      "integrity": "4545c635e0b3d4ddfdc0f2240f932f24b8ad0178e9c2e3a0f9403e7b18ae2fb5",
      "dependencies": [
        "jsr:@denosaurs/plug",
        "jsr:@std/path@1.0"
      ]
    },
    "@denosaurs/plug@1.1.0": {
      "integrity": "eb2f0b7546c7bca2000d8b0282c54d50d91cf6d75cb26a80df25a6de8c4bc044",
      "dependencies": [
        "jsr:@std/encoding",
        "jsr:@std/fmt",
        "jsr:@std/fs",
        "jsr:@std/path@1"
      ]
    },
    "@std/assert@1.0.19": {
      "integrity": "eaada96ee120cb980bc47e040f82814d786fe8162ecc53c91d8df60b8755991e",
      "dependencies": [
        "jsr:@std/internal@^1.0.12"
      ]
    },
    "@std/encoding@1.0.11": {
      "integrity": "e7cef2f0b3153bccc17431e7c864a1de03a4b6d9647389c43e08aaa775d37385"
    },
    "@std/fmt@1.0.10": {
      "integrity": "90dfba288802ac6de82fb31d0917eb9e4450b9925b954d5e51fc29ac07419db5"
    },
    "@std/fs@1.0.24": {
      "integrity": "f3061b45b81673a2bece689da041df32d174be064c89eb6397fb5718d3fb7877",
      "dependencies": [
        "jsr:@std/internal@^1.0.14",
        "jsr:@std/path@^1.1.5"
      ]
    },
    "@std/internal@1.0.14": {
      "integrity": "291516b3d4c35024d6ffbc0a9df5bf4c64116e05b50012cf846710152d2ffdf7"
    },
    "@std/path@1.0.9": {
      "integrity": "260a49f11edd3db93dd38350bf9cd1b4d1366afa98e81b86167b4e3dd750129e"
    },
    "@std/path@1.1.6": {
      "integrity": "c68485c2a4dfbb5ae3cc74fae4e8c4e5d874cf8a8ed12927917235c758b46cbe",
      "dependencies": [
        "jsr:@std/internal@^1.0.14"
      ]
    }
  },
  "redirects": {
    "https://esm.sh/@babel/helper-globals@^7.29.7/data/builtin-lower.json?module": "https://esm.sh/@babel/helper-globals@7.29.7/data/builtin-lower.json?module",
    "https://esm.sh/@babel/helper-globals@^7.29.7/data/builtin-upper.json?module": "https://esm.sh/@babel/helper-globals@7.29.7/data/builtin-upper.json?module",
    "https://esm.sh/@babel/helper-plugin-utils@^7.29.7?target=denonext": "https://esm.sh/@babel/helper-plugin-utils@7.29.7?target=denonext",
    "https://esm.sh/@babel/helper-string-parser@^7.29.7?target=denonext": "https://esm.sh/@babel/helper-string-parser@7.29.7?target=denonext",
    "https://esm.sh/@babel/helper-validator-identifier@^7.29.7?target=denonext": "https://esm.sh/@babel/helper-validator-identifier@7.29.7?target=denonext",
    "https://esm.sh/@babel/plugin-syntax-jsx@^7.18.6?target=denonext": "https://esm.sh/@babel/plugin-syntax-jsx@7.29.7?target=denonext",
    "https://esm.sh/@babel/types@^7.18.6?target=denonext": "https://esm.sh/@babel/types@7.29.8?target=denonext",
    "https://esm.sh/@babel/types@^7.20.7?target=denonext": "https://esm.sh/@babel/types@7.29.8?target=denonext",
    "https://esm.sh/@types/babel__code-frame@~7.27.0/index.d.ts": "https://esm.sh/@types/babel__code-frame@7.27.0/index.d.ts",
    "https://esm.sh/@types/babel__core@~7.20.5/index.d.ts": "https://esm.sh/@types/babel__core@7.20.5/index.d.ts",
    "https://esm.sh/@types/babel__generator@~7.27.0/index.d.ts": "https://esm.sh/@types/babel__generator@7.27.0/index.d.ts",
    "https://esm.sh/@types/babel__helper-module-imports@~7.18.3/index.d.ts": "https://esm.sh/@types/babel__helper-module-imports@7.18.3/index.d.ts",
    "https://esm.sh/@types/babel__helper-plugin-utils@~7.10.3/index.d.ts": "https://esm.sh/@types/babel__helper-plugin-utils@7.10.3/index.d.ts",
    "https://esm.sh/@types/babel__helper-validator-identifier@~7.15.2/index.d.ts": "https://esm.sh/@types/babel__helper-validator-identifier@7.15.2/index.d.ts",
    "https://esm.sh/@types/babel__template@~7.4.4/index.d.ts": "https://esm.sh/@types/babel__template@7.4.4/index.d.ts",
    "https://esm.sh/@types/babel__traverse@~7.28.0/index.d.ts": "https://esm.sh/@types/babel__traverse@7.28.0/index.d.ts",
    "https://esm.sh/@types/convert-source-map@~2.0.3/index.d.ts": "https://esm.sh/@types/convert-source-map@2.0.3/index.d.ts",
    "https://esm.sh/@types/debug@~4.1.12/index.d.ts": "https://esm.sh/@types/debug@4.1.13/index.d.ts",
    "https://esm.sh/@types/electron-to-chromium@~1.5.0/versions.d.ts": "https://esm.sh/@types/electron-to-chromium@1.5.0/versions.d.ts",
    "https://esm.sh/@types/gensync@~1.0.4/index.d.ts": "https://esm.sh/@types/gensync@1.0.5/index.d.ts",
    "https://esm.sh/@types/jsesc@~3.0.3/index.d.ts": "https://esm.sh/@types/jsesc@3.0.3/index.d.ts",
    "https://esm.sh/@types/lru-cache@~5.1.1/index.d.ts": "https://esm.sh/@types/lru-cache@5.1.1/index.d.ts",
    "https://esm.sh/@types/ms@~2.1.0/index.d.ts": "https://esm.sh/@types/ms@2.1.0/index.d.ts",
    "https://esm.sh/@types/semver@~6.2.7/index.d.ts": "https://esm.sh/@types/semver@6.2.7/index.d.ts",
    "https://esm.sh/@types/yallist@~3.0.1/index.d.ts": "https://esm.sh/@types/yallist@3.0.1/index.d.ts",
    "https://esm.sh/babel-plugin-jsx-dom-expressions@^0.40.10?target=denonext": "https://esm.sh/babel-plugin-jsx-dom-expressions@0.40.10?target=denonext",
    "https://esm.sh/entities@^6.0.0/decode?target=denonext": "https://esm.sh/entities@6.0.1/decode?target=denonext",
    "https://esm.sh/entities@^6.0.0/escape?target=denonext": "https://esm.sh/entities@6.0.1/escape?target=denonext",
    "https://esm.sh/node-releases@^2.0.53/data/processed/envs.json?module": "https://esm.sh/node-releases@2.0.54/data/processed/envs.json?module",
    "https://esm.sh/node-releases@^2.0.53/data/release-schedule/release-schedule.json?module": "https://esm.sh/node-releases@2.0.54/data/release-schedule/release-schedule.json?module",
    "https://esm.sh/parse5@^7.1.2?target=denonext": "https://esm.sh/parse5@7.3.0?target=denonext"
  },
  "remote": {
    "https://esm.sh/@ampproject/remapping@2.3.0/es2022/remapping.mjs": "718cfeb201ab6077e1ccab2f0bef8e95d8af5ee610aac35944575fc670e9f602",
    "https://esm.sh/@ampproject/remapping@^2.2.0?target=es2022": "710c213ed0073b6da4435a241a6fb637ea9e11be985b47f4b988e808e6831179",
    "https://esm.sh/@babel/code-frame@7.29.7/es2022/code-frame.mjs": "8ffe222e48aade5955aa88424d289372ec8b608f6d9a45ee2411f6a47c5da9b8",
    "https://esm.sh/@babel/code-frame@^7.26.0?target=es2022": "a5e210bca7bf4b94c26236a8f2ff2654aa3ba9f96bf5721e036101ddbe46d09e",
    "https://esm.sh/@babel/code-frame@^7.29.7?target=es2022": "a5e210bca7bf4b94c26236a8f2ff2654aa3ba9f96bf5721e036101ddbe46d09e",
    "https://esm.sh/@babel/compat-data@7.29.7/es2022/native-modules.mjs": "4ae4b1e2b8a573cce4325d6c42ac327dfc873e6c0b0d106ff258ae705a882529",
    "https://esm.sh/@babel/compat-data@7.29.7/es2022/plugins.mjs": "30066014e44e125b4e33bf69e6c3631059988812f98772ce02b6a2766da12b6f",
    "https://esm.sh/@babel/compat-data@^7.29.7/native-modules?target=es2022": "1990a05bc7fc7f78d05b01219a1547f06d9a165dd309dfe1eddec63636bb44bb",
    "https://esm.sh/@babel/compat-data@^7.29.7/plugins?target=es2022": "095c00a354bc9de0b03a01a1837bcd4956046618490bc978d6f9e4641028246f",
    "https://esm.sh/@babel/core@7.26.0/es2022/core.mjs": "0b9353222e25919f982c203a6fc17e4bfc82b933f84311d7d46d1314fa1269c5",
    "https://esm.sh/@babel/core@7.29.7/es2022/core.mjs": "a4bea282d0a410cb425c20fdaee74a9c7b46cbdb4e001db96b0e148df8f956fb",
    "https://esm.sh/@babel/core@^7.0.0?target=es2022": "c810f877b7937c8ec75c79b0962a7aaf08979feb77876df80f44e3aff94ee4d6",
    "https://esm.sh/@babel/generator@7.29.8/es2022/generator.mjs": "1f81bbd1df18a77128da81b77524146e446122efbe2d952ec71e43ef3d1d72c9",
    "https://esm.sh/@babel/generator@^7.26.0?target=es2022": "c8b0871905eb299cc85b3b3be60f5db14447d900b982b4dfb170682e2fe2ee3d",
    "https://esm.sh/@babel/generator@^7.29.7?target=es2022": "c8b0871905eb299cc85b3b3be60f5db14447d900b982b4dfb170682e2fe2ee3d",
    "https://esm.sh/@babel/generator@^7.29.8?target=es2022": "c8b0871905eb299cc85b3b3be60f5db14447d900b982b4dfb170682e2fe2ee3d",
    "https://esm.sh/@babel/helper-compilation-targets@7.29.7/es2022/helper-compilation-targets.mjs": "653c5acd28e828df7f06f7debb1a3f36cdf1f0f120c8e27789dcb60bdc935aa4",
    "https://esm.sh/@babel/helper-compilation-targets@^7.25.9?target=es2022": "f2f14399ab04d915c39777b0967f3f7b97c3ed5ac68cafa2ddd9a8dac0b3e49a",
    "https://esm.sh/@babel/helper-compilation-targets@^7.29.7?target=es2022": "f2f14399ab04d915c39777b0967f3f7b97c3ed5ac68cafa2ddd9a8dac0b3e49a",
    "https://esm.sh/@babel/helper-globals@7.29.7/data/builtin-lower.json?module": "dd0b57c3161beed44f0a00e23e78f336ee7e7b2a3887818b1a1f1ab8dd8bfd50",
    "https://esm.sh/@babel/helper-globals@7.29.7/data/builtin-upper.json?module": "da2b73ac94297e7c10f78f59ca00414101bb2b3cd57eef24c46edb9a0e32ade2",
    "https://esm.sh/@babel/helper-module-imports@7.18.6/denonext/helper-module-imports.mjs": "4a90d4e94e38662daa8db13491f54571a7685c7970b5f98ce853230ced34548f",
    "https://esm.sh/@babel/helper-module-imports@7.29.7/es2022/helper-module-imports.mjs": "386ad0fafc902ddd7178238208a7f254b0ed4d90ddf23356fc55ace6f395512e",
    "https://esm.sh/@babel/helper-module-imports@^7.29.7?target=es2022": "5aa7dc44934c381d1264c4c53ea67e735d252011d01deaa3bca9b1faf59dc8dd",
    "https://esm.sh/@babel/helper-module-transforms@7.29.7/es2022/helper-module-transforms.mjs": "77028427e51439e20812db3ce0583a74b82dbfccc3e200d4ab2c47d197484944",
    "https://esm.sh/@babel/helper-module-transforms@^7.26.0?target=es2022": "c9e4e1bbad0ceb9dd5a72dec8152492e2ae639f125716343f8f8c18fd680b12f",
    "https://esm.sh/@babel/helper-module-transforms@^7.29.7?target=es2022": "c9e4e1bbad0ceb9dd5a72dec8152492e2ae639f125716343f8f8c18fd680b12f",
    "https://esm.sh/@babel/helper-plugin-utils@7.29.7/denonext/helper-plugin-utils.mjs": "c7532dde6baa4aa031da35d686ab992fd7ad47d3664627b4e6cc55471062145d",
    "https://esm.sh/@babel/helper-plugin-utils@7.29.7?target=denonext": "a9a246ed9816e5b5ee16aa2a10c89958c12d045f490f5eb1e23ccb84f91fe235",
    "https://esm.sh/@babel/helper-string-parser@7.29.7/denonext/helper-string-parser.mjs": "ae1d68d4fb904f24c5cac420719ba25c6f67349b00c55bc2aed79b1704c3aac1",
    "https://esm.sh/@babel/helper-string-parser@7.29.7/es2022/helper-string-parser.mjs": "ae1d68d4fb904f24c5cac420719ba25c6f67349b00c55bc2aed79b1704c3aac1",
    "https://esm.sh/@babel/helper-string-parser@7.29.7?target=denonext": "8c41feff1c7febdf5570cb4385661d9a65f5d4b3a097e76e20610bdcf45c49b7",
    "https://esm.sh/@babel/helper-string-parser@^7.29.7?target=es2022": "a6fb7e11745ff94bdd1d69e97809da4b76b1f65e0e081bf5882848ae87c464f6",
    "https://esm.sh/@babel/helper-validator-identifier@7.29.7/denonext/helper-validator-identifier.mjs": "514b1918e3855a0919ba41b722d108a75cb551002352c6df1eca5a2c6772d116",
    "https://esm.sh/@babel/helper-validator-identifier@7.29.7/es2022/helper-validator-identifier.mjs": "514b1918e3855a0919ba41b722d108a75cb551002352c6df1eca5a2c6772d116",
    "https://esm.sh/@babel/helper-validator-identifier@7.29.7?target=denonext": "1407ee6d5ec21b572c11153cde96650a51bda1f303ec8f0a6ff3126a831b0b75",
    "https://esm.sh/@babel/helper-validator-identifier@^7.29.7?target=es2022": "db4f9ebe45f7b82f9229c99e92e815fd8f4a4aeb3114b55f8b5d71f1ec96f2f2",
    "https://esm.sh/@babel/helper-validator-option@7.29.7/es2022/helper-validator-option.mjs": "418dd704f9eaf08b3ae6b8c55921ece91165a1b7254829ec2ab5b38ed565a06f",
    "https://esm.sh/@babel/helper-validator-option@^7.29.7?target=es2022": "27ea7c421124a00a031b2069399e9d3e8241404117cf11e93d683d1958fd8a7d",
    "https://esm.sh/@babel/helpers@7.29.7/es2022/helpers.mjs": "6909108713173153f26d6950575f2c11288450b8c490d0478669fc67ac36d7c4",
    "https://esm.sh/@babel/helpers@^7.26.0?target=es2022": "9cc5e2cd0f37746702dafc192e81ce0f2fa04ce0def4a73481611d5d34ab89bb",
    "https://esm.sh/@babel/helpers@^7.29.7?target=es2022": "9cc5e2cd0f37746702dafc192e81ce0f2fa04ce0def4a73481611d5d34ab89bb",
    "https://esm.sh/@babel/parser@7.29.8/es2022/parser.mjs": "86a27d63114ac5b35ae8cd867af8e41991bfb7185be8d323c656dba28be83ab2",
    "https://esm.sh/@babel/parser@^7.26.0?target=es2022": "5022d112dc567fcea71c1547fc6abc15b8c307dee3f3abaca3a98fd982097b54",
    "https://esm.sh/@babel/parser@^7.29.7?target=es2022": "5022d112dc567fcea71c1547fc6abc15b8c307dee3f3abaca3a98fd982097b54",
    "https://esm.sh/@babel/parser@^7.29.8?target=es2022": "5022d112dc567fcea71c1547fc6abc15b8c307dee3f3abaca3a98fd982097b54",
    "https://esm.sh/@babel/plugin-syntax-jsx@7.29.7/denonext/plugin-syntax-jsx.mjs": "e2747db3f899f9e810313e278a44a1022769de2bb75b7ddb104e2d19865e0b61",
    "https://esm.sh/@babel/plugin-syntax-jsx@7.29.7?target=denonext": "266a0e20c5b4d40b29866acc1faed1d7d868f6ba087c17b759dde9cd01193d06",
    "https://esm.sh/@babel/template@7.29.7/es2022/template.mjs": "98fec8ef2f6648b37c3e5b1a66aaa924ce3e0606fbe20cba6d24cd1fc9b26505",
    "https://esm.sh/@babel/template@^7.25.9?target=es2022": "fd4349b8381abf2072c9489f3af42c9e22ec47e8da32f1ae0f28f165ed33bc43",
    "https://esm.sh/@babel/template@^7.29.7?target=es2022": "fd4349b8381abf2072c9489f3af42c9e22ec47e8da32f1ae0f28f165ed33bc43",
    "https://esm.sh/@babel/traverse@7.29.8/es2022/traverse.mjs": "b400434b36166968f4570ad75a3f7719cc733e0db1a8cf6e1df9bd4a72ffba32",
    "https://esm.sh/@babel/traverse@^7.25.9?target=es2022": "00355724ee0a7a50cb35d08b22bee2aa3ed3d66529c3fa0012fc664a93150138",
    "https://esm.sh/@babel/traverse@^7.29.7?target=es2022": "00355724ee0a7a50cb35d08b22bee2aa3ed3d66529c3fa0012fc664a93150138",
    "https://esm.sh/@babel/types@7.29.8/denonext/types.mjs": "42cb204fcf3bce601f298cbe62c34d97588188fc507581d643b37d9d67aec3ff",
    "https://esm.sh/@babel/types@7.29.8/es2022/types.mjs": "1d54cde4f8fb8c6fcb5a7e02ee0da8fd5714e5817bd7385184abd4de2570d92a",
    "https://esm.sh/@babel/types@7.29.8?target=denonext": "a78c7987751d1ae9a2a6eb22bc6be00f316575c92846f35e2baa133128f3ae13",
    "https://esm.sh/@babel/types@^7.26.0?target=es2022": "bd1e2439f72a2d6584681812c5f329055f3725b8591858118fb8b09006969df5",
    "https://esm.sh/@babel/types@^7.29.7?target=es2022": "bd1e2439f72a2d6584681812c5f329055f3725b8591858118fb8b09006969df5",
    "https://esm.sh/@babel/types@^7.29.8?target=es2022": "bd1e2439f72a2d6584681812c5f329055f3725b8591858118fb8b09006969df5",
    "https://esm.sh/@jridgewell/gen-mapping@0.3.13/es2022/gen-mapping.mjs": "b0ee66ff4b41907dc9fc6dbe9aebf090a4c4d70862529eaf79b171bd43ab4d5c",
    "https://esm.sh/@jridgewell/gen-mapping@^0.3.12?target=es2022": "fbd5cb49e20c0889b06cf1e0116c950ff7f65fabede585a39dbac36fcdbe2fdd",
    "https://esm.sh/@jridgewell/gen-mapping@^0.3.5?target=es2022": "fbd5cb49e20c0889b06cf1e0116c950ff7f65fabede585a39dbac36fcdbe2fdd",
    "https://esm.sh/@jridgewell/remapping@2.3.5/es2022/remapping.mjs": "1b2568be064cafcc8e05533e3a447254e19de82dc4b5e764cec027cbde8b4e0a",
    "https://esm.sh/@jridgewell/remapping@^2.3.5?target=es2022": "5b9f393c7f63d7d011cb0a7c2793600ed204e48f6cbd2c1c1f3cc5995fe27d22",
    "https://esm.sh/@jridgewell/resolve-uri@3.1.2/es2022/resolve-uri.mjs": "34ff010b44202eef81d624a8c83fa5948d1ba1b5983acb079cea3b3540e1c05f",
    "https://esm.sh/@jridgewell/resolve-uri@^3.1.0?target=es2022": "35b1730d5815bffae8f20a30135a59586a7d37db47f6212d71dfd82ecf301a4e",
    "https://esm.sh/@jridgewell/sourcemap-codec@1.6.0/es2022/sourcemap-codec.mjs": "df6bb65cdf2b042158b63a133b481927aed7c3d821c432ba6694fccf3402c937",
    "https://esm.sh/@jridgewell/sourcemap-codec@^1.4.14?target=es2022": "cb6c5115270a712fec008602f291c0859ff2b1242afad2a42f759d8bcc19bf93",
    "https://esm.sh/@jridgewell/sourcemap-codec@^1.5.0?target=es2022": "cb6c5115270a712fec008602f291c0859ff2b1242afad2a42f759d8bcc19bf93",
    "https://esm.sh/@jridgewell/trace-mapping@0.3.31/es2022/trace-mapping.mjs": "f475733b539e15adc8221f9e3f0f7a6195af7ce6a2deaea6fc8ee5b6b23b3c81",
    "https://esm.sh/@jridgewell/trace-mapping@^0.3.24?target=es2022": "4c73dd3b71b04bd1bf3de45bdbd3a3376f732711d46e9b0c1128676721363676",
    "https://esm.sh/@jridgewell/trace-mapping@^0.3.28?target=es2022": "4c73dd3b71b04bd1bf3de45bdbd3a3376f732711d46e9b0c1128676721363676",
    "https://esm.sh/babel-plugin-jsx-dom-expressions@0.40.10/denonext/babel-plugin-jsx-dom-expressions.mjs": "4f0f42798ecb3106397348d1233a1594b39e0cfbf922c5ea8cb97245e74d4f66",
    "https://esm.sh/babel-plugin-jsx-dom-expressions@0.40.10?target=denonext": "28e742a2cd95678628e629611db2329a4b9b61f9098a6118f368de1656e5729b",
    "https://esm.sh/babel-preset-solid@1.9.15": "120d177b0ac0705bbc190583be1b8494cb9da7de7a9621a52bb40afc8e064976",
    "https://esm.sh/babel-preset-solid@1.9.15/denonext/babel-preset-solid.mjs": "f2878219629bbfaf6bfe60f6953df924925f41cf1cffe8a6adca69e317a15a4c",
    "https://esm.sh/baseline-browser-mapping@2.11.20/es2022/baseline-browser-mapping.mjs": "859bf5f6177083a8b5b0408c20603d11622749d372edb6210c547b1d527597a2",
    "https://esm.sh/baseline-browser-mapping@^2.11.12?target=es2022": "879ed6484bfa32094dab89c999f8443c13337e66d0cc4d9b53980f34db3bdebf",
    "https://esm.sh/browserslist@4.28.8/es2022/browserslist.mjs": "b8bb2f11c1ad7639b7184f6532db9aec6573502ade4faae830eb196728fdd242",
    "https://esm.sh/browserslist@^4.24.0?target=es2022": "ad8d01a4c9240af76f227828adc80b49cf7f2b7f175f06d70e7c209bf15d59cc",
    "https://esm.sh/caniuse-lite@1.0.30001810/es2022/dist/unpacker/agents.mjs": "be5f14f57a8b64b4b498ef1d15611424c381a8d18da00ff9735dbc685404e039",
    "https://esm.sh/caniuse-lite@^1.0.30001809/dist/unpacker/agents?target=es2022": "2e99551802a4a03936f2f0d2b229f538569859ab97cb75485b2b02279fc9d823",
    "https://esm.sh/convert-source-map@2.0.0/es2022/convert-source-map.mjs": "1f3b7f177e038ad0327e3fb9be7ae4114f4997c956ad33af624802961eaafeb6",
    "https://esm.sh/convert-source-map@^2.0.0?target=es2022": "4b018a0c470121b1ed36f8d4f29ec3bb1e51f583cf5856232466267643b82428",
    "https://esm.sh/debug@4.4.3/es2022/debug.mjs": "42103c758115e696a3c7c269457f7827d957907fa8abcdbbaca2cb7060c7bd4f",
    "https://esm.sh/debug@^4.1.0?target=es2022": "0a96b7d9989513d07f02f0d5533e0dc7a49c492107702631f6490d754fbc4fe7",
    "https://esm.sh/debug@^4.3.1?target=es2022": "0a96b7d9989513d07f02f0d5533e0dc7a49c492107702631f6490d754fbc4fe7",
    "https://esm.sh/electron-to-chromium@1.5.416/es2022/versions.mjs": "8bb58cb06e8089802154fbf327f055e70015ac7a0c187a0363473be8563a38bf",
    "https://esm.sh/electron-to-chromium@^1.5.402/versions?target=es2022": "3af1446c6dd29c4f6cf8670d2f1551294cee0d128e803006af2208309632b173",
    "https://esm.sh/entities@6.0.1/decode?target=denonext": "3ccc9b5e285ac182223bec6c9e053ff17814f4d27a31b8abafe35d3b684faaa7",
    "https://esm.sh/entities@6.0.1/denonext/decode.mjs": "0e11dc867c49cd73eaa3de858276b02727bf6a3e1e5a84be72722cba08697b7d",
    "https://esm.sh/entities@6.0.1/denonext/escape.mjs": "f23f7faf0499133a54a93a5dc4276f08793b2bb36b539b1bacddcc3b1e746aca",
    "https://esm.sh/entities@6.0.1/escape?target=denonext": "c3df42c65816226666e5a0560e68e3c058a184684488a26b3dedce05eaa329e2",
    "https://esm.sh/gensync@1.0.0-beta.2/es2022/gensync.mjs": "6bf4fc8c101b54a4b86e43fe72d9f41d0134cbb474be03e3103677da13d2c1d5",
    "https://esm.sh/gensync@^1.0.0-beta.2?target=es2022": "1d6fcbafe75c41631b105c6abd9585b797c471a65c6b36a0f96d4720f658c870",
    "https://esm.sh/html-entities@2.3.3/denonext/html-entities.mjs": "82079131882aac9d8c7367de547c69693736421301855e9ffe52b22dc94a2af0",
    "https://esm.sh/js-tokens@4.0.0/es2022/js-tokens.mjs": "bca60579536f28767378d8337090344761f41646e8488862481560931a46343b",
    "https://esm.sh/js-tokens@^4.0.0?target=es2022": "9734716ba1610dc1559ee7addd59ab6a20c78307f1dd5188b1e4f0ee17d199f3",
    "https://esm.sh/jsesc@3.1.0/es2022/jsesc.mjs": "d5a46b5a495b2ab0940598fc1bcf1d75e0c288618ac9c0f871781dc67cceb5d1",
    "https://esm.sh/jsesc@^3.0.2?target=es2022": "531b6907967b8576e6d29a76646c11cf825ecae458b78700330896b29867783a",
    "https://esm.sh/lru-cache@5.1.1/es2022/lru-cache.mjs": "16a204d380d871a335cd3882c5c46008f2f3ee998508e265f19b7cd0c3d716fb",
    "https://esm.sh/lru-cache@^5.1.1?target=es2022": "d63b2f8142f271c8de90dbf04ca752d273f35784309d97419fa68db9a4aa61ab",
    "https://esm.sh/ms@2.1.3/es2022/ms.mjs": "9039464da1f4ae1c2042742d335c82556c048bbe49449b5d0cd5198193afa147",
    "https://esm.sh/ms@^2.1.3?target=es2022": "05ddb185b1d26c888c647f2aaac723379f0933fb608b3a9a994e602c41900019",
    "https://esm.sh/node-releases@2.0.54/data/processed/envs.json?module": "dc5180a1534b84e2f1b5a84409b4ae70e18957e2d4122091a05d8c7d753db6ab",
    "https://esm.sh/node-releases@2.0.54/data/release-schedule/release-schedule.json?module": "103fa0bc56d319395d4778679bd01b99f08e39a3481d284f7740f267192e6352",
    "https://esm.sh/node/assert.mjs": "9bc405427c3c20116dd8957dfc5ef988d6a9e23970a538da46bf5390d4dc88a3",
    "https://esm.sh/node/async_hooks.mjs": "b7862dbfba8bbbca956f19e4e08280b529e4b27468779775a9093aef8c92dc1d",
    "https://esm.sh/node/buffer.mjs": "64fb61aa5f48644d685f9ceabedba60ea6b5d6ce03dac1943e863d00d9e574f3",
    "https://esm.sh/node/chunk-76CF2E7R.mjs": "7cd7325f9f94a1fe3f05f0e570528f595dbf735f3ebef33fc49d16af1450a8bf",
    "https://esm.sh/node/chunk-FJIDJKNS.mjs": "2923654f5c2da86d7509a88ee608c678fb09d92d1c72f88ac0b38edff4a7f5e1",
    "https://esm.sh/node/chunk-O62B4NBH.mjs": "a98282cfe854330df5843cfa4ce5c5467a4486a9aa3aa5cf24d21463af987e77",
    "https://esm.sh/node/chunk-TMXQWSYT.mjs": "33f1125514cc4c438774a4835bb651ab066dbf3a5cd4262896994057958a5140",
    "https://esm.sh/node/events.mjs": "4c6150b88c1444aa1fe9331013e3f37eda9836206f629f7f3ae8f3743dd90fa8",
    "https://esm.sh/node/fs.mjs": "25bbda7d0479edf0d044aeca3aab83108e2f0d2f6e5aa0353517f865f6bfcf9c",
    "https://esm.sh/node/fs/promises.mjs": "d58ba76fe30b3770fac9791267c1d171d08f05737f1addede2b0e23656b1b242",
    "https://esm.sh/node/path.mjs": "9d969a67465ed3bdb68d0c49e285564920cfde81522b54914f52e9f322d43b1b",
    "https://esm.sh/node/process.mjs": "79e7646e87709989f575ea4ce02e0877bc9303081567b1c0d412527917ae9e91",
    "https://esm.sh/node/tty.mjs": "c66ff4b406bad449bfb2ced355f15badf16f4d9e035d2d300e33b5aeee64e3be",
    "https://esm.sh/parse5@7.3.0/denonext/parse5.mjs": "39564d89f13b5d701ac8f869caea8660ada421fcd19ef2234adfd935cf7cf27e",
    "https://esm.sh/parse5@7.3.0?target=denonext": "898a8cf4c02510b1cd0f90c9dffdfe9229f31f2dec425310da4404d472137f2e",
    "https://esm.sh/picocolors@1.1.1/es2022/picocolors.mjs": "6e537224a8aadc11c580fc96615fc72ac2b1a8dedb817bf024905d6b8d78f83e",
    "https://esm.sh/picocolors@^1.1.1?target=es2022": "028a41c0918c9473ecdb304b38e3de0f23e9caac2155d625d1b3fea82f517585",
    "https://esm.sh/semver@6.3.1/es2022/semver.mjs": "02d3e0b27257c3dcae7c9be855b36253219ed0fa4d69614954bdfd85d8158b47",
    "https://esm.sh/semver@^6.3.1?target=es2022": "a43a2882b7ed4d3aa1f95dd84d518737b2fe7b20f2503c6b24e3afe4e4fabed5",
    "https://esm.sh/yallist@3.1.1/es2022/yallist.mjs": "76b3e3ad7a337df6d1795e47b98a4f30aed06971c2492bb0c232593e60335c6f",
    "https://esm.sh/yallist@^3.0.2?target=es2022": "ceb03073a04722203589c8368222e04b3a4563797f013a241331a8f20daac4e1"
  },
  "workspace": {
    "dependencies": [
      "jsr:@db/sqlite@0.13.0"
    ]
  }
}
